
Microsoft Visual Studio Solution File, Format Version 12.00
# Visual Studio Version 17
VisualStudioVersion = 17.5.2.0
MinimumVisualStudioVersion = 10.0.40219.1
Project("{2150E333-8FDC-42A3-9474-1A3956D46DE8}") = "tests", "tests", "{0AB3BF05-4346-4AA6-1389-037BE0695223}"
EndProject
Project("{FAE04EC0-301F-11D3-BF4B-00C04F79EFBC}") = "SchemaValidation.Tests", "tests\SchemaValidation.Tests\SchemaValidation.Tests.csproj", "{52179353-92DA-D439-94AD-34B403F27F40}"
EndProject
Project("{2150E333-8FDC-42A3-9474-1A3956D46DE8}") = "src", "src", "{827E0CD3-B72D-47B6-A68D-7590B98EB39B}"
EndProject
Project("{FAE04EC0-301F-11D3-BF4B-00C04F79EFBC}") = "MinilogueXdValidation.Api", "src\MinilogueXdValidation.Api\MinilogueXdValidation.Api.csproj", "{2A242FBE-7A1B-41C8-82A8-71308DF76453}"
EndProject
Project("{FAE04EC0-301F-11D3-BF4B-00C04F79EFBC}") = "PatchValidation.Tests", "tests\PatchValidation.Tests\PatchValidation.Tests.csproj", "{A111E1F1-B06C-490C-96E7-20EE8436DFC6}"
EndProject
Global
	GlobalSection(SolutionConfigurationPlatforms) = preSolution
		Debug|Any CPU = Debug|Any CPU
		Debug|x64 = Debug|x64
		Debug|x86 = Debug|x86
		Release|Any CPU = Release|Any CPU
		Release|x64 = Release|x64
		Release|x86 = Release|x86
	EndGlobalSection
	GlobalSection(ProjectConfigurationPlatforms) = postSolution
		{52179353-92DA-D439-94AD-34B403F27F40}.Debug|Any CPU.ActiveCfg = Debug|Any CPU
		{52179353-92DA-D439-94AD-34B403F27F40}.Debug|Any CPU.Build.0 = Debug|Any CPU
		{52179353-92DA-D439-94AD-34B403F27F40}.Debug|x64.ActiveCfg = Debug|Any CPU
		{52179353-92DA-D439-94AD-34B403F27F40}.Debug|x64.Build.0 = Debug|Any CPU
		{52179353-92DA-D439-94AD-34B403F27F40}.Debug|x86.ActiveCfg = Debug|Any CPU
		{52179353-92DA-D439-94AD-34B403F27F40}.Debug|x86.Build.0 = Debug|Any CPU
		{52179353-92DA-D439-94AD-34B403F27F40}.Release|Any CPU.ActiveCfg = Release|Any CPU
		{52179353-92DA-D439-94AD-34B403F27F40}.Release|Any CPU.Build.0 = Release|Any CPU
		{52179353-92DA-D439-94AD-34B403F27F40}.Release|x64.ActiveCfg = Release|Any CPU
		{52179353-92DA-D439-94AD-34B403F27F40}.Release|x64.Build.0 = Release|Any CPU
		{52179353-92DA-D439-94AD-34B403F27F40}.Release|x86.ActiveCfg = Release|Any CPU
		{52179353-92DA-D439-94AD-34B403F27F40}.Release|x86.Build.0 = Release|Any CPU
		{2A242FBE-7A1B-41C8-82A8-71308DF76453}.Debug|Any CPU.ActiveCfg = Debug|Any CPU
		{2A242FBE-7A1B-41C8-82A8-71308DF76453}.Debug|Any CPU.Build.0 = Debug|Any CPU
		{2A242FBE-7A1B-41C8-82A8-71308DF76453}.Debug|x64.ActiveCfg = Debug|Any CPU
		{2A242FBE-7A1B-41C8-82A8-71308DF76453}.Debug|x64.Build.0 = Debug|Any CPU
		{2A242FBE-7A1B-41C8-82A8-71308DF76453}.Debug|x86.ActiveCfg = Debug|Any CPU
		{2A242FBE-7A1B-41C8-82A8-71308DF76453}.Debug|x86.Build.0 = Debug|Any CPU
		{2A242FBE-7A1B-41C8-82A8-71308DF76453}.Release|Any CPU.ActiveCfg = Release|Any CPU
		{2A242FBE-7A1B-41C8-82A8-71308DF76453}.Release|Any CPU.Build.0 = Release|Any CPU
		{2A242FBE-7A1B-41C8-82A8-71308DF76453}.Release|x64.ActiveCfg = Release|Any CPU
		{2A242FBE-7A1B-41C8-82A8-71308DF76453}.Release|x64.Build.0 = Release|Any CPU
		{2A242FBE-7A1B-41C8-82A8-71308DF76453}.Release|x86.ActiveCfg = Release|Any CPU
		{2A242FBE-7A1B-41C8-82A8-71308DF76453}.Release|x86.Build.0 = Release|Any CPU
		{A111E1F1-B06C-490C-96E7-20EE8436DFC6}.Debug|Any CPU.ActiveCfg = Debug|Any CPU
		{A111E1F1-B06C-490C-96E7-20EE8436DFC6}.Debug|Any CPU.Build.0 = Debug|Any CPU
		{A111E1F1-B06C-490C-96E7-20EE8436DFC6}.Debug|x64.ActiveCfg = Debug|Any CPU
		{A111E1F1-B06C-490C-96E7-20EE8436DFC6}.Debug|x64.Build.0 = Debug|Any CPU
		{A111E1F1-B06C-490C-96E7-20EE8436DFC6}.Debug|x86.ActiveCfg = Debug|Any CPU
		{A111E1F1-B06C-490C-96E7-20EE8436DFC6}.Debug|x86.Build.0 = Debug|Any CPU
		{A111E1F1-B06C-490C-96E7-20EE8436DFC6}.Release|Any CPU.ActiveCfg = Release|Any CPU
		{A111E1F1-B06C-490C-96E7-20EE8436DFC6}.Release|Any CPU.Build.0 = Release|Any CPU
		{A111E1F1-B06C-490C-96E7-20EE8436DFC6}.Release|x64.ActiveCfg = Release|Any CPU
		{A111E1F1-B06C-490C-96E7-20EE8436DFC6}.Release|x64.Build.0 = Release|Any CPU
		{A111E1F1-B06C-490C-96E7-20EE8436DFC6}.Release|x86.ActiveCfg = Release|Any CPU
		{A111E1F1-B06C-490C-96E7-20EE8436DFC6}.Release|x86.Build.0 = Release|Any CPU
	EndGlobalSection
	GlobalSection(SolutionProperties) = preSolution
		HideSolutionNode = FALSE
	EndGlobalSection
	GlobalSection(NestedProjects) = preSolution
		{52179353-92DA-D439-94AD-34B403F27F40} = {0AB3BF05-4346-4AA6-1389-037BE0695223}
		{2A242FBE-7A1B-41C8-82A8-71308DF76453} = {827E0CD3-B72D-47B6-A68D-7590B98EB39B}
		{A111E1F1-B06C-490C-96E7-20EE8436DFC6} = {0AB3BF05-4346-4AA6-1389-037BE0695223}
	EndGlobalSection
	GlobalSection(ExtensibilityGlobals) = postSolution
		SolutionGuid = {17629D9C-B46C-4CE7-9141-2ECAEBC3565B}
	EndGlobalSection
EndGlobal
